{
  "nodes": {
    "easy-purescript-nix": {
      "flake": false,
      "locked": {
        "lastModified": 1654121141,
        "narHash": "sha256-mkHIyWk5Xh54FqCU7CT3G/tnHF7mLbQt3EfnNCMCTO8=",
        "owner": "justinwoo",
        "repo": "easy-purescript-nix",
        "rev": "5dca2f0f3b9ec0bceabb23fa1fd2b5f8ec30fa53",
        "type": "github"
      },
      "original": {
        "owner": "justinwoo",
        "repo": "easy-purescript-nix",
        "type": "github"
      }
    },
    "flake-utils": {
      "locked": {
        "lastModified": 1659877975,
        "narHash": "sha256-zllb8aq3YO3h8B/U0/J1WBgAL8EX5yWf5pMj3G0NAmc=",
        "owner": "numtide",
        "repo": "flake-utils",
        "rev": "c0e246b9b83f637f4681389ecabcb2681b4f3af0",
        "type": "github"
      },
      "original": {
        "owner": "numtide",
        "repo": "flake-utils",
        "type": "github"
      }
    },
    "flake-utils_2": {
      "locked": {
        "lastModified": 1644229661,
        "narHash": "sha256-1YdnJAsNy69bpcjuoKdOYQX0YxZBiCYZo4Twxerqv7k=",
        "owner": "numtide",
        "repo": "flake-utils",
        "rev": "3cecb5b042f7f209c56ffd8371b2711a290ec797",
        "type": "github"
      },
      "original": {
        "owner": "numtide",
        "repo": "flake-utils",
        "type": "github"
      }
    },
    "gitignore": {
      "inputs": {
        "nixpkgs": [
          "nixpkgs"
        ]
      },
      "locked": {
        "lastModified": 1658402513,
        "narHash": "sha256-wk38v/mbLsOo6+IDmmH1H0ADR87iq9QTTD1BP9X2Ags=",
        "owner": "hercules-ci",
        "repo": "gitignore.nix",
        "rev": "f2ea0f8ff1bce948ccb6b893d15d5ea3efaf1364",
        "type": "github"
      },
      "original": {
        "owner": "hercules-ci",
        "repo": "gitignore.nix",
        "type": "github"
      }
    },
    "naersk": {
      "inputs": {
        "nixpkgs": "nixpkgs_2"
      },
      "locked": {
        "lastModified": 1655042882,
        "narHash": "sha256-9BX8Fuez5YJlN7cdPO63InoyBy7dm3VlJkkmTt6fS1A=",
        "owner": "nix-community",
        "repo": "naersk",
        "rev": "cddffb5aa211f50c4b8750adbec0bbbdfb26bb9f",
        "type": "github"
      },
      "original": {
        "owner": "nix-community",
        "repo": "naersk",
        "type": "github"
      }
    },
    "nixpkgs": {
      "locked": {
        "lastModified": 1660227034,
        "narHash": "sha256-bXMlG/YU0IjAod6M625XT1YbUG+/3L9ypk9llYpKeuM=",
        "owner": "NixOS",
        "repo": "nixpkgs",
        "rev": "964d60ff2e6bc76c0618962da52859603784fa78",
        "type": "github"
      },
      "original": {
        "owner": "NixOS",
        "ref": "nixpkgs-unstable",
        "repo": "nixpkgs",
        "type": "github"
      }
    },
    "nixpkgs_2": {
      "locked": {
        "lastModified": 1660817299,
        "narHash": "sha256-0QZE5FYLOyTEpKobPk32gxAQBtYs/nAfGx3PK+x6bXI=",
        "owner": "NixOS",
        "repo": "nixpkgs",
        "rev": "b42e50fe36242b1b205a7d501b7911d698218086",
        "type": "github"
      },
      "original": {
        "id": "nixpkgs",
        "type": "indirect"
      }
    },
    "pre-commit-hooks": {
      "inputs": {
        "flake-utils": "flake-utils_2",
        "nixpkgs": [
          "nixpkgs"
        ]
      },
      "locked": {
        "lastModified": 1659629599,
        "narHash": "sha256-c9rvaqaH3HZo/C70E7rB18YSywa4ryTtN7CZ3cuCmoA=",
        "owner": "cachix",
        "repo": "pre-commit-hooks.nix",
        "rev": "6a9402e8f233de16536349d1dd3f4595c23386a4",
        "type": "github"
      },
      "original": {
        "owner": "cachix",
        "repo": "pre-commit-hooks.nix",
        "type": "github"
      }
    },
    "rnix-lsp": {
      "inputs": {
        "naersk": "naersk",
        "nixpkgs": [
          "nixpkgs"
        ],
        "utils": "utils"
      },
      "locked": {
        "lastModified": 1658963292,
        "narHash": "sha256-4OIpATLdPQvryyhRQPELeqNYC0n6PCyjD6LCPdwOztc=",
        "owner": "nix-community",
        "repo": "rnix-lsp",
        "rev": "ff18e04551a39ccdab0ff9c83926db3807b23478",
        "type": "github"
      },
      "original": {
        "owner": "nix-community",
        "repo": "rnix-lsp",
        "type": "github"
      }
    },
    "root": {
      "inputs": {
        "easy-purescript-nix": "easy-purescript-nix",
        "flake-utils": "flake-utils",
        "gitignore": "gitignore",
        "nixpkgs": "nixpkgs",
        "pre-commit-hooks": "pre-commit-hooks",
        "rnix-lsp": "rnix-lsp"
      }
    },
    "utils": {
      "locked": {
        "lastModified": 1656928814,
        "narHash": "sha256-RIFfgBuKz6Hp89yRr7+NR5tzIAbn52h8vT6vXkYjZoM=",
        "owner": "numtide",
        "repo": "flake-utils",
        "rev": "7e2a3b3dfd9af950a856d66b0a7d01e3c18aa249",
        "type": "github"
      },
      "original": {
        "owner": "numtide",
        "repo": "flake-utils",
        "type": "github"
      }
    }
  },
  "root": "root",
  "version": 7
}
